
Microsoft Visual Studio Solution File, Format Version 12.00
# Visual Studio Version 16
VisualStudioVersion = 16.0.30204.135
MinimumVisualStudioVersion = 10.0.40219.1
Project("{FAE04EC0-301F-11D3-BF4B-00C04F79EFBC}") = "issue-indexer-server", "issue-indexer-server\issue-indexer-server.csproj", "{5AB9BE20-6A78-44B3-9A0D-682A68820DDA}"
EndProject
Global
	GlobalSection(SolutionConfigurationPlatforms) = preSolution
		Debug|Any CPU = Debug|Any CPU
		Release|Any CPU = Release|Any CPU
	EndGlobalSection
	GlobalSection(ProjectConfigurationPlatforms) = postSolution
		{5AB9BE20-6A78-44B3-9A0D-682A68820DDA}.Debug|Any CPU.ActiveCfg = Debug|Any CPU
		{5AB9BE20-6A78-44B3-9A0D-682A68820DDA}.Debug|Any CPU.Build.0 = Debug|Any CPU
		{5AB9BE20-6A78-44B3-9A0D-682A68820DDA}.Release|Any CPU.ActiveCfg = Release|Any CPU
		{5AB9BE20-6A78-44B3-9A0D-682A68820DDA}.Release|Any CPU.Build.0 = Release|Any CPU
	EndGlobalSection
	GlobalSection(SolutionProperties) = preSolution
		HideSolutionNode = FALSE
	EndGlobalSection
	GlobalSection(ExtensibilityGlobals) = postSolution
		SolutionGuid = {8FBB2A98-ED4A-426E-BC25-F2DFB0C144B9}
	EndGlobalSection
EndGlobal
