
Microsoft Visual Studio Solution File, Format Version 12.00
# Visual Studio Version 16
VisualStudioVersion = 16.0.30204.135
MinimumVisualStudioVersion = 10.0.40219.1
Project("{FAE04EC0-301F-11D3-BF4B-00C04F79EFBC}") = "issue-indexer-client", "issue-indexer-client\issue-indexer-client.csproj", "{6C3CF916-252C-4EA1-A11D-D1C571DDB7F5}"
EndProject
Global
	GlobalSection(SolutionConfigurationPlatforms) = preSolution
		Debug|Any CPU = Debug|Any CPU
		Release|Any CPU = Release|Any CPU
	EndGlobalSection
	GlobalSection(ProjectConfigurationPlatforms) = postSolution
		{6C3CF916-252C-4EA1-A11D-D1C571DDB7F5}.Debug|Any CPU.ActiveCfg = Debug|Any CPU
		{6C3CF916-252C-4EA1-A11D-D1C571DDB7F5}.Debug|Any CPU.Build.0 = Debug|Any CPU
		{6C3CF916-252C-4EA1-A11D-D1C571DDB7F5}.Release|Any CPU.ActiveCfg = Release|Any CPU
		{6C3CF916-252C-4EA1-A11D-D1C571DDB7F5}.Release|Any CPU.Build.0 = Release|Any CPU
	EndGlobalSection
	GlobalSection(SolutionProperties) = preSolution
		HideSolutionNode = FALSE
	EndGlobalSection
	GlobalSection(ExtensibilityGlobals) = postSolution
		SolutionGuid = {10FFD981-8A6A-43A3-8B6C-74899AEF7061}
	EndGlobalSection
EndGlobal
